
Microsoft Visual Studio Solution File, Format Version 12.00
# Visual Studio Version 17
VisualStudioVersion = 17.14.36511.14 d17.14
MinimumVisualStudioVersion = 10.0.40219.1
Project("{FAE04EC0-301F-11D3-BF4B-00C04F79EFBC}") = "DPM225405_NguyenGiaBao_Pattern04_Prototype", "DPM225405_NguyenGiaBao_Pattern04_Prototype\DPM225405_NguyenGiaBao_Pattern04_Prototype.csproj", "{63441AB5-8125-41C1-983F-229416162BE3}"
EndProject
Project("{FAE04EC0-301F-11D3-BF4B-00C04F79EFBC}") = "DPM225405_NguyenGiaBao_Real04_Prototype", "..\DPM225405_NguyenGiaBao_Real04_Prototype\DPM225405_NguyenGiaBao_Real04_Prototype.csproj", "{0DC3806F-E98A-438A-B628-3C8643329EE4}"
EndProject
Project("{FAE04EC0-301F-11D3-BF4B-00C04F79EFBC}") = "DPM225405_NguyenGiaBao_Pattern05_Singleton", "..\DPM225405_NguyenGiaBao_Pattern05_Singleton\DPM225405_NguyenGiaBao_Pattern05_Singleton.csproj", "{C2A2E758-DD83-4E7C-B507-1E621CB1B64F}"
EndProject
Project("{FAE04EC0-301F-11D3-BF4B-00C04F79EFBC}") = "DPM225405_NguyenGiaBao_Real05_Singleton", "..\DPM225405_NguyenGiaBao_Real05_Singleton\DPM225405_NguyenGiaBao_Real05_Singleton.csproj", "{0CF67D15-A859-4C1C-BC36-93645693C534}"
EndProject
Global
	GlobalSection(SolutionConfigurationPlatforms) = preSolution
		Debug|Any CPU = Debug|Any CPU
		Release|Any CPU = Release|Any CPU
	EndGlobalSection
	GlobalSection(ProjectConfigurationPlatforms) = postSolution
		{63441AB5-8125-41C1-983F-229416162BE3}.Debug|Any CPU.ActiveCfg = Debug|Any CPU
		{63441AB5-8125-41C1-983F-229416162BE3}.Debug|Any CPU.Build.0 = Debug|Any CPU
		{63441AB5-8125-41C1-983F-229416162BE3}.Release|Any CPU.ActiveCfg = Release|Any CPU
		{63441AB5-8125-41C1-983F-229416162BE3}.Release|Any CPU.Build.0 = Release|Any CPU
		{0DC3806F-E98A-438A-B628-3C8643329EE4}.Debug|Any CPU.ActiveCfg = Debug|Any CPU
		{0DC3806F-E98A-438A-B628-3C8643329EE4}.Debug|Any CPU.Build.0 = Debug|Any CPU
		{0DC3806F-E98A-438A-B628-3C8643329EE4}.Release|Any CPU.ActiveCfg = Release|Any CPU
		{0DC3806F-E98A-438A-B628-3C8643329EE4}.Release|Any CPU.Build.0 = Release|Any CPU
		{C2A2E758-DD83-4E7C-B507-1E621CB1B64F}.Debug|Any CPU.ActiveCfg = Debug|Any CPU
		{C2A2E758-DD83-4E7C-B507-1E621CB1B64F}.Debug|Any CPU.Build.0 = Debug|Any CPU
		{C2A2E758-DD83-4E7C-B507-1E621CB1B64F}.Release|Any CPU.ActiveCfg = Release|Any CPU
		{C2A2E758-DD83-4E7C-B507-1E621CB1B64F}.Release|Any CPU.Build.0 = Release|Any CPU
		{0CF67D15-A859-4C1C-BC36-93645693C534}.Debug|Any CPU.ActiveCfg = Debug|Any CPU
		{0CF67D15-A859-4C1C-BC36-93645693C534}.Debug|Any CPU.Build.0 = Debug|Any CPU
		{0CF67D15-A859-4C1C-BC36-93645693C534}.Release|Any CPU.ActiveCfg = Release|Any CPU
		{0CF67D15-A859-4C1C-BC36-93645693C534}.Release|Any CPU.Build.0 = Release|Any CPU
	EndGlobalSection
	GlobalSection(SolutionProperties) = preSolution
		HideSolutionNode = FALSE
	EndGlobalSection
	GlobalSection(ExtensibilityGlobals) = postSolution
		SolutionGuid = {DA90A776-2B3A-4533-8E86-32AFB092B852}
	EndGlobalSection
EndGlobal
